
Microsoft Visual Studio Solution File, Format Version 12.00
# Visual Studio Version 16
VisualStudioVersion = 16.0.30717.126
MinimumVisualStudioVersion = 10.0.40219.1
Project("{FAE04EC0-301F-11D3-BF4B-00C04F79EFBC}") = "ObserverPatternDemo.App", "ObserverPatternDemo.App\ObserverPatternDemo.App.csproj", "{1BC338A6-CFA0-4AF0-9A5A-DBBB5662F486}"
EndProject
Global
	GlobalSection(SolutionConfigurationPlatforms) = preSolution
		Debug|Any CPU = Debug|Any CPU
		Release|Any CPU = Release|Any CPU
	EndGlobalSection
	GlobalSection(ProjectConfigurationPlatforms) = postSolution
		{1BC338A6-CFA0-4AF0-9A5A-DBBB5662F486}.Debug|Any CPU.ActiveCfg = Debug|Any CPU
		{1BC338A6-CFA0-4AF0-9A5A-DBBB5662F486}.Debug|Any CPU.Build.0 = Debug|Any CPU
		{1BC338A6-CFA0-4AF0-9A5A-DBBB5662F486}.Release|Any CPU.ActiveCfg = Release|Any CPU
		{1BC338A6-CFA0-4AF0-9A5A-DBBB5662F486}.Release|Any CPU.Build.0 = Release|Any CPU
	EndGlobalSection
	GlobalSection(SolutionProperties) = preSolution
		HideSolutionNode = FALSE
	EndGlobalSection
	GlobalSection(ExtensibilityGlobals) = postSolution
		SolutionGuid = {6648CFAF-88D9-441B-BE6A-655E9FDABA0A}
	EndGlobalSection
EndGlobal
